
Microsoft Visual Studio Solution File, Format Version 12.00
# Visual Studio 15
VisualStudioVersion = 15.0.27703.2026
MinimumVisualStudioVersion = 10.0.40219.1
Project("{FAE04EC0-301F-11D3-BF4B-00C04F79EFBC}") = "OnlineShop", "OnlineShop\OnlineShop.csproj", "{E89A16E8-520E-4321-B6E5-419D6CCB4C4B}"
EndProject
Project("{FAE04EC0-301F-11D3-BF4B-00C04F79EFBC}") = "OnlineShop.Tests", "OnlineShop.Tests\OnlineShop.Tests.csproj", "{37A2B99E-6112-485B-8D62-239A967D7823}"
EndProject
Global
	GlobalSection(SolutionConfigurationPlatforms) = preSolution
		Debug|Any CPU = Debug|Any CPU
		Release|Any CPU = Release|Any CPU
	EndGlobalSection
	GlobalSection(ProjectConfigurationPlatforms) = postSolution
		{E89A16E8-520E-4321-B6E5-419D6CCB4C4B}.Debug|Any CPU.ActiveCfg = Debug|Any CPU
		{E89A16E8-520E-4321-B6E5-419D6CCB4C4B}.Debug|Any CPU.Build.0 = Debug|Any CPU
		{E89A16E8-520E-4321-B6E5-419D6CCB4C4B}.Release|Any CPU.ActiveCfg = Release|Any CPU
		{E89A16E8-520E-4321-B6E5-419D6CCB4C4B}.Release|Any CPU.Build.0 = Release|Any CPU
		{37A2B99E-6112-485B-8D62-239A967D7823}.Debug|Any CPU.ActiveCfg = Debug|Any CPU
		{37A2B99E-6112-485B-8D62-239A967D7823}.Debug|Any CPU.Build.0 = Debug|Any CPU
		{37A2B99E-6112-485B-8D62-239A967D7823}.Release|Any CPU.ActiveCfg = Release|Any CPU
		{37A2B99E-6112-485B-8D62-239A967D7823}.Release|Any CPU.Build.0 = Release|Any CPU
	EndGlobalSection
	GlobalSection(SolutionProperties) = preSolution
		HideSolutionNode = FALSE
	EndGlobalSection
	GlobalSection(ExtensibilityGlobals) = postSolution
		SolutionGuid = {DF080334-C46E-4E3A-B14A-E6348E988DBE}
	EndGlobalSection
EndGlobal
